// !$*UTF8*$!
{
	archiveVersion = 1;
	classes = {
	};
	objectVersion = 46;
	objects = {

/* Begin PBXBuildFile section */
		5C0480201F142C7C00C65CBD /* AppDelegate.swift in Sources */ = {isa = PBXBuildFile; fileRef = 5C04801F1F142C7C00C65CBD /* AppDelegate.swift */; };
		5C0480221F142C7C00C65CBD /* MememeViewController.swift in Sources */ = {isa = PBXBuildFile; fileRef = 5C0480211F142C7C00C65CBD /* MememeViewController.swift */; };
		5C0480251F142C7C00C65CBD /* Main.storyboard in Resources */ = {isa = PBXBuildFile; fileRef = 5C0480231F142C7C00C65CBD /* Main.storyboard */; };
		5C0480271F142C7C00C65CBD /* Assets.xcassets in Resources */ = {isa = PBXBuildFile; fileRef = 5C0480261F142C7C00C65CBD /* Assets.xcassets */; };
		5C04802A1F142C7C00C65CBD /* LaunchScreen.storyboard in Resources */ = {isa = PBXBuildFile; fileRef = 5C0480281F142C7C00C65CBD /* LaunchScreen.storyboard */; };
		5C0480321F16C74500C65CBD /* TopTextDelegate.swift in Sources */ = {isa = PBXBuildFile; fileRef = 5C0480311F16C74500C65CBD /* TopTextDelegate.swift */; };
		5C0480341F16C78E00C65CBD /* BottomTextDelegate.swift in Sources */ = {isa = PBXBuildFile; fileRef = 5C0480331F16C78E00C65CBD /* BottomTextDelegate.swift */; };
		5C8925A71F3F6F5800AE124F /* Meme.swift in Sources */ = {isa = PBXBuildFile; fileRef = 5C8925A61F3F6F5800AE124F /* Meme.swift */; };
		5C8925EE1F47970E00AE124F /* MemeMeCollectionViewCell.swift in Sources */ = {isa = PBXBuildFile; fileRef = 5C8925ED1F47970E00AE124F /* MemeMeCollectionViewCell.swift */; };
		5C8925F01F47981600AE124F /* MemeMeCollectionViewController.swift in Sources */ = {isa = PBXBuildFile; fileRef = 5C8925EF1F47981600AE124F /* MemeMeCollectionViewController.swift */; };
		5C8925F21F50800000AE124F /* MemeMeDetailViewController.swift in Sources */ = {isa = PBXBuildFile; fileRef = 5C8925F11F50800000AE124F /* MemeMeDetailViewController.swift */; };
		5C8925F41F50E3F600AE124F /* MemeMeTableViewController.swift in Sources */ = {isa = PBXBuildFile; fileRef = 5C8925F31F50E3F600AE124F /* MemeMeTableViewController.swift */; };
/* End PBXBuildFile section */

/* Begin PBXFileReference section */
		5C04801C1F142C7C00C65CBD /* MemeMe2.app */ = {isa = PBXFileReference; explicitFileType = wrapper.application; includeInIndex = 0; path = MemeMe2.app; sourceTree = BUILT_PRODUCTS_DIR; };
		5C04801F1F142C7C00C65CBD /* AppDelegate.swift */ = {isa = PBXFileReference; lastKnownFileType = sourcecode.swift; path = AppDelegate.swift; sourceTree = "<group>"; };
		5C0480211F142C7C00C65CBD /* MememeViewController.swift */ = {isa = PBXFileReference; lastKnownFileType = sourcecode.swift; path = MememeViewController.swift; sourceTree = "<group>"; };
		5C0480241F142C7C00C65CBD /* Base */ = {isa = PBXFileReference; lastKnownFileType = file.storyboard; name = Base; path = Base.lproj/Main.storyboard; sourceTree = "<group>"; };
		5C0480261F142C7C00C65CBD /* Assets.xcassets */ = {isa = PBXFileReference; lastKnownFileType = folder.assetcatalog; path = Assets.xcassets; sourceTree = "<group>"; };
		5C0480291F142C7C00C65CBD /* Base */ = {isa = PBXFileReference; lastKnownFileType = file.storyboard; name = Base; path = Base.lproj/LaunchScreen.storyboard; sourceTree = "<group>"; };
		5C04802B1F142C7C00C65CBD /* Info.plist */ = {isa = PBXFileReference; lastKnownFileType = text.plist.xml; path = Info.plist; sourceTree = "<group>"; };
		5C0480311F16C74500C65CBD /* TopTextDelegate.swift */ = {isa = PBXFileReference; fileEncoding = 4; lastKnownFileType = sourcecode.swift; path = TopTextDelegate.swift; sourceTree = "<group>"; };
		5C0480331F16C78E00C65CBD /* BottomTextDelegate.swift */ = {isa = PBXFileReference; fileEncoding = 4; lastKnownFileType = sourcecode.swift; path = BottomTextDelegate.swift; sourceTree = "<group>"; };
		5C8925A61F3F6F5800AE124F /* Meme.swift */ = {isa = PBXFileReference; fileEncoding = 4; lastKnownFileType = sourcecode.swift; name = Meme.swift; path = Model/Meme.swift; sourceTree = "<group>"; };
		5C8925ED1F47970E00AE124F /* MemeMeCollectionViewCell.swift */ = {isa = PBXFileReference; fileEncoding = 4; lastKnownFileType = sourcecode.swift; path = MemeMeCollectionViewCell.swift; sourceTree = "<group>"; };
		5C8925EF1F47981600AE124F /* MemeMeCollectionViewController.swift */ = {isa = PBXFileReference; fileEncoding = 4; lastKnownFileType = sourcecode.swift; path = MemeMeCollectionViewController.swift; sourceTree = "<group>"; };
		5C8925F11F50800000AE124F /* MemeMeDetailViewController.swift */ = {isa = PBXFileReference; fileEncoding = 4; lastKnownFileType = sourcecode.swift; path = MemeMeDetailViewController.swift; sourceTree = "<group>"; };
		5C8925F31F50E3F600AE124F /* MemeMeTableViewController.swift */ = {isa = PBXFileReference; fileEncoding = 4; lastKnownFileType = sourcecode.swift; path = MemeMeTableViewController.swift; sourceTree = "<group>"; };
/* End PBXFileReference section */

/* Begin PBXFrameworksBuildPhase section */
		5C0480191F142C7C00C65CBD /* Frameworks */ = {
			isa = PBXFrameworksBuildPhase;
			buildActionMask = 2147483647;
			files = (
			);
			runOnlyForDeploymentPostprocessing = 0;
		};
/* End PBXFrameworksBuildPhase section */

/* Begin PBXGroup section */
		5C0480131F142C7C00C65CBD = {
			isa = PBXGroup;
			children = (
				5C04801E1F142C7C00C65CBD /* MemeMe2 */,
				5C04801D1F142C7C00C65CBD /* Products */,
			);
			sourceTree = "<group>";
		};
		5C04801D1F142C7C00C65CBD /* Products */ = {
			isa = PBXGroup;
			children = (
				5C04801C1F142C7C00C65CBD /* MemeMe2.app */,
			);
			name = Products;
			sourceTree = "<group>";
		};
		5C04801E1F142C7C00C65CBD /* MemeMe2 */ = {
			isa = PBXGroup;
			children = (
				5C04801F1F142C7C00C65CBD /* AppDelegate.swift */,
				5C0480211F142C7C00C65CBD /* MememeViewController.swift */,
				5C0480231F142C7C00C65CBD /* Main.storyboard */,
				5C8925F31F50E3F600AE124F /* MemeMeTableViewController.swift */,
				5C8925ED1F47970E00AE124F /* MemeMeCollectionViewCell.swift */,
				5C8925F11F50800000AE124F /* MemeMeDetailViewController.swift */,
				5C8925EF1F47981600AE124F /* MemeMeCollectionViewController.swift */,
				5C0480261F142C7C00C65CBD /* Assets.xcassets */,
				5C0480281F142C7C00C65CBD /* LaunchScreen.storyboard */,
				5C04802B1F142C7C00C65CBD /* Info.plist */,
				5C0480311F16C74500C65CBD /* TopTextDelegate.swift */,
				5C0480331F16C78E00C65CBD /* BottomTextDelegate.swift */,
				5C8925A61F3F6F5800AE124F /* Meme.swift */,
			);
			name = MemeMe2;
			path = LearnPicturePicker;
			sourceTree = "<group>";
		};
/* End PBXGroup section */

/* Begin PBXNativeTarget section */
		5C04801B1F142C7C00C65CBD /* MemeMe2 */ = {
			isa = PBXNativeTarget;
			buildConfigurationList = 5C04802E1F142C7C00C65CBD /* Build configuration list for PBXNativeTarget "MemeMe2" */;
			buildPhases = (
				5C0480181F142C7C00C65CBD /* Sources */,
				5C0480191F142C7C00C65CBD /* Frameworks */,
				5C04801A1F142C7C00C65CBD /* Resources */,
			);
			buildRules = (
			);
			dependencies = (
			);
			name = MemeMe2;
			productName = LearnPicturePicker;
			productReference = 5C04801C1F142C7C00C65CBD /* MemeMe2.app */;
			productType = "com.apple.product-type.application";
		};
/* End PBXNativeTarget section */

/* Begin PBXProject section */
		5C0480141F142C7C00C65CBD /* Project object */ = {
			isa = PBXProject;
			attributes = {
				LastSwiftUpdateCheck = 0830;
				LastUpgradeCheck = 0830;
				ORGANIZATIONNAME = "Joshua Schindler";
				TargetAttributes = {
					5C04801B1F142C7C00C65CBD = {
						CreatedOnToolsVersion = 8.3.2;
						ProvisioningStyle = Automatic;
					};
				};
			};
			buildConfigurationList = 5C0480171F142C7C00C65CBD /* Build configuration list for PBXProject "MemeMe2" */;
			compatibilityVersion = "Xcode 3.2";
			developmentRegion = English;
			hasScannedForEncodings = 0;
			knownRegions = (
				en,
				Base,
			);
			mainGroup = 5C0480131F142C7C00C65CBD;
			productRefGroup = 5C04801D1F142C7C00C65CBD /* Products */;
			projectDirPath = "";
			projectRoot = "";
			targets = (
				5C04801B1F142C7C00C65CBD /* MemeMe2 */,
			);
		};
/* End PBXProject section */

/* Begin PBXResourcesBuildPhase section */
		5C04801A1F142C7C00C65CBD /* Resources */ = {
			isa = PBXResourcesBuildPhase;
			buildActionMask = 2147483647;
			files = (
				5C04802A1F142C7C00C65CBD /* LaunchScreen.storyboard in Resources */,
				5C0480271F142C7C00C65CBD /* Assets.xcassets in Resources */,
				5C0480251F142C7C00C65CBD /* Main.storyboard in Resources */,
			);
			runOnlyForDeploymentPostprocessing = 0;
		};
/* End PBXResourcesBuildPhase section */

/* Begin PBXSourcesBuildPhase section */
		5C0480181F142C7C00C65CBD /* Sources */ = {
			isa = PBXSourcesBuildPhase;
			buildActionMask = 2147483647;
			files = (
				5C0480341F16C78E00C65CBD /* BottomTextDelegate.swift in Sources */,
				5C0480221F142C7C00C65CBD /* MememeViewController.swift in Sources */,
				5C8925F41F50E3F600AE124F /* MemeMeTableViewController.swift in Sources */,
				5C8925EE1F47970E00AE124F /* MemeMeCollectionViewCell.swift in Sources */,
				5C8925F01F47981600AE124F /* MemeMeCollectionViewController.swift in Sources */,
				5C0480321F16C74500C65CBD /* TopTextDelegate.swift in Sources */,
				5C0480201F142C7C00C65CBD /* AppDelegate.swift in Sources */,
				5C8925F21F50800000AE124F /* MemeMeDetailViewController.swift in Sources */,
				5C8925A71F3F6F5800AE124F /* Meme.swift in Sources */,
			);
			runOnlyForDeploymentPostprocessing = 0;
		};
/* End PBXSourcesBuildPhase section */

/* Begin PBXVariantGroup section */
		5C0480231F142C7C00C65CBD /* Main.storyboard */ = {
			isa = PBXVariantGroup;
			children = (
				5C0480241F142C7C00C65CBD /* Base */,
			);
			name = Main.storyboard;
			sourceTree = "<group>";
		};
		5C0480281F142C7C00C65CBD /* LaunchScreen.storyboard */ = {
			isa = PBXVariantGroup;
			children = (
				5C0480291F142C7C00C65CBD /* Base */,
			);
			name = LaunchScreen.storyboard;
			sourceTree = "<group>";
		};
/* End PBXVariantGroup section */

/* Begin XCBuildConfiguration section */
		5C04802C1F142C7C00C65CBD /* Debug */ = {
			isa = XCBuildConfiguration;
			buildSettings = {
				ALWAYS_SEARCH_USER_PATHS = NO;
				CLANG_ANALYZER_NONNULL = YES;
				CLANG_ANALYZER_NUMBER_OBJECT_CONVERSION = YES_AGGRESSIVE;
				CLANG_CXX_LANGUAGE_STANDARD = "gnu++0x";
				CLANG_CXX_LIBRARY = "libc++";
				CLANG_ENABLE_MODULES = YES;
				CLANG_ENABLE_OBJC_ARC = YES;
				CLANG_WARN_BOOL_CONVERSION = YES;
				CLANG_WARN_CONSTANT_CONVERSION = YES;
				CLANG_WARN_DIRECT_OBJC_ISA_USAGE = YES_ERROR;
				CLANG_WARN_DOCUMENTATION_COMMENTS = YES;
				CLANG_WARN_EMPTY_BODY = YES;
				CLANG_WARN_ENUM_CONVERSION = YES;
				CLANG_WARN_INFINITE_RECURSION = YES;
				CLANG_WARN_INT_CONVERSION = YES;
				CLANG_WARN_OBJC_ROOT_CLASS = YES_ERROR;
				CLANG_WARN_SUSPICIOUS_MOVE = YES;
				CLANG_WARN_UNREACHABLE_CODE = YES;
				CLANG_WARN__DUPLICATE_METHOD_MATCH = YES;
				"CODE_SIGN_IDENTITY[sdk=iphoneos*]" = "iPhone Developer";
				COPY_PHASE_STRIP = NO;
				DEBUG_INFORMATION_FORMAT = dwarf;
				ENABLE_STRICT_OBJC_MSGSEND = YES;
				ENABLE_TESTABILITY = YES;
				GCC_C_LANGUAGE_STANDARD = gnu99;
				GCC_DYNAMIC_NO_PIC = NO;
				GCC_NO_COMMON_BLOCKS = YES;
				GCC_OPTIMIZATION_LEVEL = 0;
				GCC_PREPROCESSOR_DEFINITIONS = (
					"DEBUG=1",
					"$(inherited)",
				);
				GCC_WARN_64_TO_32_BIT_CONVERSION = YES;
				GCC_WARN_ABOUT_RETURN_TYPE = YES_ERROR;
				GCC_WARN_UNDECLARED_SELECTOR = YES;
				GCC_WARN_UNINITIALIZED_AUTOS = YES_AGGRESSIVE;
				GCC_WARN_UNUSED_FUNCTION = YES;
				GCC_WARN_UNUSED_VARIABLE = YES;
				IPHONEOS_DEPLOYMENT_TARGET = 10.3;
				MTL_ENABLE_DEBUG_INFO = YES;
				ONLY_ACTIVE_ARCH = YES;
				SDKROOT = iphoneos;
				SWIFT_ACTIVE_COMPILATION_CONDITIONS = DEBUG;
				SWIFT_OPTIMIZATION_LEVEL = "-Onone";
				TARGETED_DEVICE_FAMILY = "1,2";
			};
			name = Debug;
		};
		5C04802D1F142C7C00C65CBD /* Release */ = {
			isa = XCBuildConfiguration;
			buildSettings = {
				ALWAYS_SEARCH_USER_PATHS = NO;
				CLANG_ANALYZER_NONNULL = YES;
				CLANG_ANALYZER_NUMBER_OBJECT_CONVERSION = YES_AGGRESSIVE;
				CLANG_CXX_LANGUAGE_STANDARD = "gnu++0x";
				CLANG_CXX_LIBRARY = "libc++";
				CLANG_ENABLE_MODULES = YES;
				CLANG_ENABLE_OBJC_ARC = YES;
				CLANG_WARN_BOOL_CONVERSION = YES;
				CLANG_WARN_CONSTANT_CONVERSION = YES;
				CLANG_WARN_DIRECT_OBJC_ISA_USAGE = YES_ERROR;
				CLANG_WARN_DOCUMENTATION_COMMENTS = YES;
				CLANG_WARN_EMPTY_BODY = YES;
				CLANG_WARN_ENUM_CONVERSION = YES;
				CLANG_WARN_INFINITE_RECURSION = YES;
				CLANG_WARN_INT_CONVERSION = YES;
				CLANG_WARN_OBJC_ROOT_CLASS = YES_ERROR;
				CLANG_WARN_SUSPICIOUS_MOVE = YES;
				CLANG_WARN_UNREACHABLE_CODE = YES;
				CLANG_WARN__DUPLICATE_METHOD_MATCH = YES;
				"CODE_SIGN_IDENTITY[sdk=iphoneos*]" = "iPhone Developer";
				COPY_PHASE_STRIP = NO;
				DEBUG_INFORMATION_FORMAT = "dwarf-with-dsym";
				ENABLE_NS_ASSERTIONS = NO;
				ENABLE_STRICT_OBJC_MSGSEND = YES;
				GCC_C_LANGUAGE_STANDARD = gnu99;
				GCC_NO_COMMON_BLOCKS = YES;
				GCC_WARN_64_TO_32_BIT_CONVERSION = YES;
				GCC_WARN_ABOUT_RETURN_TYPE = YES_ERROR;
				GCC_WARN_UNDECLARED_SELECTOR = YES;
				GCC_WARN_UNINITIALIZED_AUTOS = YES_AGGRESSIVE;
				GCC_WARN_UNUSED_FUNCTION = YES;
				GCC_WARN_UNUSED_VARIABLE = YES;
				IPHONEOS_DEPLOYMENT_TARGET = 10.3;
				MTL_ENABLE_DEBUG_INFO = NO;
				SDKROOT = iphoneos;
				SWIFT_OPTIMIZATION_LEVEL = "-Owholemodule";
				TARGETED_DEVICE_FAMILY = "1,2";
				VALIDATE_PRODUCT = YES;
			};
			name = Release;
		};
		5C04802F1F142C7C00C65CBD /* Debug */ = {
			isa = XCBuildConfiguration;
			buildSettings = {
				ASSETCATALOG_COMPILER_APPICON_NAME = AppIcon;
				INFOPLIST_FILE = LearnPicturePicker/Info.plist;
				LD_RUNPATH_SEARCH_PATHS = "$(inherited) @executable_path/Frameworks";
				PRODUCT_BUNDLE_IDENTIFIER = Josh.LearnPicturePicker;
				PRODUCT_NAME = "$(TARGET_NAME)";
				SWIFT_VERSION = 3.0;
			};
			name = Debug;
		};
		5C0480301F142C7C00C65CBD /* Release */ = {
			isa = XCBuildConfiguration;
			buildSettings = {
				ASSETCATALOG_COMPILER_APPICON_NAME = AppIcon;
				INFOPLIST_FILE = LearnPicturePicker/Info.plist;
				LD_RUNPATH_SEARCH_PATHS = "$(inherited) @executable_path/Frameworks";
				PRODUCT_BUNDLE_IDENTIFIER = Josh.LearnPicturePicker;
				PRODUCT_NAME = "$(TARGET_NAME)";
				SWIFT_VERSION = 3.0;
			};
			name = Release;
		};
/* End XCBuildConfiguration section */

/* Begin XCConfigurationList section */
		5C0480171F142C7C00C65CBD /* Build configuration list for PBXProject "MemeMe2" */ = {
			isa = XCConfigurationList;
			buildConfigurations = (
				5C04802C1F142C7C00C65CBD /* Debug */,
				5C04802D1F142C7C00C65CBD /* Release */,
			);
			defaultConfigurationIsVisible = 0;
			defaultConfigurationName = Release;
		};
		5C04802E1F142C7C00C65CBD /* Build configuration list for PBXNativeTarget "MemeMe2" */ = {
			isa = XCConfigurationList;
			buildConfigurations = (
				5C04802F1F142C7C00C65CBD /* Debug */,
				5C0480301F142C7C00C65CBD /* Release */,
			);
			defaultConfigurationIsVisible = 0;
			defaultConfigurationName = Release;
		};
/* End XCConfigurationList section */
	};
	rootObject = 5C0480141F142C7C00C65CBD /* Project object */;
}
